
Microsoft Visual Studio Solution File, Format Version 12.00
# Visual Studio Version 16
VisualStudioVersion = 25.0.1705.2
MinimumVisualStudioVersion = 10.0.40219.1
Project("{FAE04EC0-301F-11D3-BF4B-00C04F79EFBC}") = "IdentityServer", "IdentityServer.csproj", "{8C2AB7C1-CF9D-4B62-9DCE-77629B640241}"
EndProject
Global
	GlobalSection(SolutionConfigurationPlatforms) = preSolution
		Debug|Any CPU = Debug|Any CPU
		Release|Any CPU = Release|Any CPU
	EndGlobalSection
	GlobalSection(ProjectConfigurationPlatforms) = postSolution
		{8C2AB7C1-CF9D-4B62-9DCE-77629B640241}.Debug|Any CPU.ActiveCfg = Debug|Any CPU
		{8C2AB7C1-CF9D-4B62-9DCE-77629B640241}.Debug|Any CPU.Build.0 = Debug|Any CPU
		{8C2AB7C1-CF9D-4B62-9DCE-77629B640241}.Release|Any CPU.ActiveCfg = Release|Any CPU
		{8C2AB7C1-CF9D-4B62-9DCE-77629B640241}.Release|Any CPU.Build.0 = Release|Any CPU
	EndGlobalSection
	GlobalSection(SolutionProperties) = preSolution
		HideSolutionNode = FALSE
	EndGlobalSection
	GlobalSection(ExtensibilityGlobals) = postSolution
		SolutionGuid = {AFB08ED5-CFE5-495E-8E9D-706CB6688419}
	EndGlobalSection
EndGlobal
