
Microsoft Visual Studio Solution File, Format Version 12.00
# Visual Studio Version 17
VisualStudioVersion = 17.1.32421.90
MinimumVisualStudioVersion = 10.0.40219.1
Project("{9A19103F-16F7-4668-BE54-9A1E7A4F7556}") = "IdentityServer", "Security\IdentityServer\IdentityServer.csproj", "{F59D5FE0-D010-4BEF-92B1-BC2B7E0B7C30}"
EndProject
Project("{9A19103F-16F7-4668-BE54-9A1E7A4F7556}") = "Conference.Api", "Services\Conference\Conference.Api\Conference.Api.csproj", "{10C2E87A-17C5-4B1B-8354-D0414A93FC49}"
EndProject
Project("{E53339B2-1760-4266-BCC7-CA923CBCF16C}") = "docker-compose", "docker-compose.dcproj", "{5D3F00D2-91FE-45B0-ADDA-4A0653295B0F}"
EndProject
Project("{2150E333-8FDC-42A3-9474-1A3956D46DE8}") = "ApiGateways", "ApiGateways", "{8B16E931-A9C8-4762-8C7D-DD37D75A6A00}"
EndProject
Project("{9A19103F-16F7-4668-BE54-9A1E7A4F7556}") = "SPAGateway", "SPAGateway\SPAGateway.csproj", "{1449C998-500F-4F06-940A-7840D8A25EC7}"
EndProject
Project("{2150E333-8FDC-42A3-9474-1A3956D46DE8}") = "Common", "Common", "{E0FC836E-8F80-4DEE-A2C9-0A5B759120CF}"
EndProject
Project("{9A19103F-16F7-4668-BE54-9A1E7A4F7556}") = "Security", "Common\Security\Security.csproj", "{D948B5DF-63C2-4080-A245-905A15D6A16C}"
EndProject
Project("{9A19103F-16F7-4668-BE54-9A1E7A4F7556}") = "User.API", "Services\User\User.API\User.API.csproj", "{5FF15B98-311A-4C0B-9B28-A52512596596}"
EndProject
Project("{2150E333-8FDC-42A3-9474-1A3956D46DE8}") = "Services", "Services", "{9F6EAE7F-4579-418D-B833-3409620E82F6}"
EndProject
Project("{2150E333-8FDC-42A3-9474-1A3956D46DE8}") = "Conference", "Conference", "{23681D74-9D08-4973-992F-647F1C77094D}"
EndProject
Project("{2150E333-8FDC-42A3-9474-1A3956D46DE8}") = "User", "User", "{A19B2FEA-4DC3-4764-8499-015B09FF1022}"
EndProject
Project("{2150E333-8FDC-42A3-9474-1A3956D46DE8}") = "Security", "Security", "{B9FB6A17-433E-441C-817A-7FF045AA5F30}"
EndProject
Project("{FAE04EC0-301F-11D3-BF4B-00C04F79EFBC}") = "User.Common", "Services\User\User.Common\User.Common.csproj", "{FE2F6318-B0D6-47D9-AFCF-B6AC60EAF6EA}"
EndProject
Project("{FAE04EC0-301F-11D3-BF4B-00C04F79EFBC}") = "User.GRPC", "Services\User\User.GRPC\User.GRPC.csproj", "{A59F736A-1284-41B5-946F-212CC7F52F2B}"
EndProject
Project("{2150E333-8FDC-42A3-9474-1A3956D46DE8}") = "File", "File", "{CBBC84DE-8D27-42F6-A4DA-AABDDE160002}"
EndProject
Project("{FAE04EC0-301F-11D3-BF4B-00C04F79EFBC}") = "FileService", "Services\File\FileService\FileService.csproj", "{F67A2A9B-589D-40E5-89EA-31B3C2BCA7A0}"
EndProject
Project("{FAE04EC0-301F-11D3-BF4B-00C04F79EFBC}") = "File.Test", "Services\File\File.Test\File.Test.csproj", "{F5A6A129-69FF-40AE-BFDF-F743BDA47791}"
EndProject
Project("{FAE04EC0-301F-11D3-BF4B-00C04F79EFBC}") = "EventBus.Messages", "Common\EventBus\EventBus.Messages\EventBus.Messages.csproj", "{14A143DF-96B4-45F6-98E6-616036BD4310}"
EndProject
Global
	GlobalSection(SolutionConfigurationPlatforms) = preSolution
		Debug|Any CPU = Debug|Any CPU
		Release|Any CPU = Release|Any CPU
	EndGlobalSection
	GlobalSection(ProjectConfigurationPlatforms) = postSolution
		{F59D5FE0-D010-4BEF-92B1-BC2B7E0B7C30}.Debug|Any CPU.ActiveCfg = Debug|Any CPU
		{F59D5FE0-D010-4BEF-92B1-BC2B7E0B7C30}.Debug|Any CPU.Build.0 = Debug|Any CPU
		{F59D5FE0-D010-4BEF-92B1-BC2B7E0B7C30}.Release|Any CPU.ActiveCfg = Release|Any CPU
		{F59D5FE0-D010-4BEF-92B1-BC2B7E0B7C30}.Release|Any CPU.Build.0 = Release|Any CPU
		{10C2E87A-17C5-4B1B-8354-D0414A93FC49}.Debug|Any CPU.ActiveCfg = Debug|Any CPU
		{10C2E87A-17C5-4B1B-8354-D0414A93FC49}.Debug|Any CPU.Build.0 = Debug|Any CPU
		{10C2E87A-17C5-4B1B-8354-D0414A93FC49}.Release|Any CPU.ActiveCfg = Release|Any CPU
		{10C2E87A-17C5-4B1B-8354-D0414A93FC49}.Release|Any CPU.Build.0 = Release|Any CPU
		{5D3F00D2-91FE-45B0-ADDA-4A0653295B0F}.Debug|Any CPU.ActiveCfg = Debug|Any CPU
		{5D3F00D2-91FE-45B0-ADDA-4A0653295B0F}.Debug|Any CPU.Build.0 = Debug|Any CPU
		{5D3F00D2-91FE-45B0-ADDA-4A0653295B0F}.Release|Any CPU.ActiveCfg = Release|Any CPU
		{5D3F00D2-91FE-45B0-ADDA-4A0653295B0F}.Release|Any CPU.Build.0 = Release|Any CPU
		{1449C998-500F-4F06-940A-7840D8A25EC7}.Debug|Any CPU.ActiveCfg = Debug|Any CPU
		{1449C998-500F-4F06-940A-7840D8A25EC7}.Debug|Any CPU.Build.0 = Debug|Any CPU
		{1449C998-500F-4F06-940A-7840D8A25EC7}.Release|Any CPU.ActiveCfg = Release|Any CPU
		{1449C998-500F-4F06-940A-7840D8A25EC7}.Release|Any CPU.Build.0 = Release|Any CPU
		{D948B5DF-63C2-4080-A245-905A15D6A16C}.Debug|Any CPU.ActiveCfg = Debug|Any CPU
		{D948B5DF-63C2-4080-A245-905A15D6A16C}.Debug|Any CPU.Build.0 = Debug|Any CPU
		{D948B5DF-63C2-4080-A245-905A15D6A16C}.Release|Any CPU.ActiveCfg = Release|Any CPU
		{D948B5DF-63C2-4080-A245-905A15D6A16C}.Release|Any CPU.Build.0 = Release|Any CPU
		{14A143DF-96B4-45F6-98E6-616036BD4310}.Debug|Any CPU.ActiveCfg = Debug|Any CPU
		{14A143DF-96B4-45F6-98E6-616036BD4310}.Debug|Any CPU.Build.0 = Debug|Any CPU
		{14A143DF-96B4-45F6-98E6-616036BD4310}.Release|Any CPU.ActiveCfg = Release|Any CPU
		{14A143DF-96B4-45F6-98E6-616036BD4310}.Release|Any CPU.Build.0 = Release|Any CPU
	EndGlobalSection
	GlobalSection(SolutionProperties) = preSolution
		HideSolutionNode = FALSE
	EndGlobalSection
	GlobalSection(NestedProjects) = preSolution
		{F59D5FE0-D010-4BEF-92B1-BC2B7E0B7C30} = {B9FB6A17-433E-441C-817A-7FF045AA5F30}
		{10C2E87A-17C5-4B1B-8354-D0414A93FC49} = {23681D74-9D08-4973-992F-647F1C77094D}
		{1449C998-500F-4F06-940A-7840D8A25EC7} = {8B16E931-A9C8-4762-8C7D-DD37D75A6A00}
		{D948B5DF-63C2-4080-A245-905A15D6A16C} = {E0FC836E-8F80-4DEE-A2C9-0A5B759120CF}
		{5FF15B98-311A-4C0B-9B28-A52512596596} = {A19B2FEA-4DC3-4764-8499-015B09FF1022}
		{23681D74-9D08-4973-992F-647F1C77094D} = {9F6EAE7F-4579-418D-B833-3409620E82F6}
		{A19B2FEA-4DC3-4764-8499-015B09FF1022} = {9F6EAE7F-4579-418D-B833-3409620E82F6}
		{FE2F6318-B0D6-47D9-AFCF-B6AC60EAF6EA} = {A19B2FEA-4DC3-4764-8499-015B09FF1022}
		{A59F736A-1284-41B5-946F-212CC7F52F2B} = {A19B2FEA-4DC3-4764-8499-015B09FF1022}
		{CBBC84DE-8D27-42F6-A4DA-AABDDE160002} = {9F6EAE7F-4579-418D-B833-3409620E82F6}
		{F67A2A9B-589D-40E5-89EA-31B3C2BCA7A0} = {CBBC84DE-8D27-42F6-A4DA-AABDDE160002}
		{F5A6A129-69FF-40AE-BFDF-F743BDA47791} = {CBBC84DE-8D27-42F6-A4DA-AABDDE160002}
	EndGlobalSection
	GlobalSection(ExtensibilityGlobals) = postSolution
		SolutionGuid = {D64DDF4F-E8E9-4145-822F-0776D7319221}
	EndGlobalSection
EndGlobal
